// !$*UTF8*$!
{
	archiveVersion = 1;
	classes = {
	};
	objectVersion = 46;
	objects = {

/* Begin PBXBuildFile section */
		B77B20A51D1B5AFF00112FC7 /* AppDelegate.swift in Sources */ = {isa = PBXBuildFile; fileRef = B77B20A41D1B5AFF00112FC7 /* AppDelegate.swift */; };
		B77B20A71D1B5AFF00112FC7 /* ViewController.swift in Sources */ = {isa = PBXBuildFile; fileRef = B77B20A61D1B5AFF00112FC7 /* ViewController.swift */; };
		B77B20AA1D1B5AFF00112FC7 /* Main.storyboard in Resources */ = {isa = PBXBuildFile; fileRef = B77B20A81D1B5AFF00112FC7 /* Main.storyboard */; };
		B77B20AC1D1B5AFF00112FC7 /* Assets.xcassets in Resources */ = {isa = PBXBuildFile; fileRef = B77B20AB1D1B5AFF00112FC7 /* Assets.xcassets */; };
		B77B20AF1D1B5AFF00112FC7 /* LaunchScreen.storyboard in Resources */ = {isa = PBXBuildFile; fileRef = B77B20AD1D1B5AFF00112FC7 /* LaunchScreen.storyboard */; };
		B77B20BA1D1B5AFF00112FC7 /* ShoeSizeConverterTests.swift in Sources */ = {isa = PBXBuildFile; fileRef = B77B20B91D1B5AFF00112FC7 /* ShoeSizeConverterTests.swift */; };
		B77B20C51D1B5AFF00112FC7 /* ShoeSizeConverterUITests.swift in Sources */ = {isa = PBXBuildFile; fileRef = B77B20C41D1B5AFF00112FC7 /* ShoeSizeConverterUITests.swift */; };
/* End PBXBuildFile section */

/* Begin PBXContainerItemProxy section */
		B77B20B61D1B5AFF00112FC7 /* PBXContainerItemProxy */ = {
			isa = PBXContainerItemProxy;
			containerPortal = B77B20991D1B5AFF00112FC7 /* Project object */;
			proxyType = 1;
			remoteGlobalIDString = B77B20A01D1B5AFF00112FC7;
			remoteInfo = ShoeSizeConverter;
		};
		B77B20C11D1B5AFF00112FC7 /* PBXContainerItemProxy */ = {
			isa = PBXContainerItemProxy;
			containerPortal = B77B20991D1B5AFF00112FC7 /* Project object */;
			proxyType = 1;
			remoteGlobalIDString = B77B20A01D1B5AFF00112FC7;
			remoteInfo = ShoeSizeConverter;
		};
/* End PBXContainerItemProxy section */

/* Begin PBXFileReference section */
		B77B20A11D1B5AFF00112FC7 /* ShoeSizeConverter.app */ = {isa = PBXFileReference; explicitFileType = wrapper.application; includeInIndex = 0; path = ShoeSizeConverter.app; sourceTree = BUILT_PRODUCTS_DIR; };
		B77B20A41D1B5AFF00112FC7 /* AppDelegate.swift */ = {isa = PBXFileReference; lastKnownFileType = sourcecode.swift; path = AppDelegate.swift; sourceTree = "<group>"; };
		B77B20A61D1B5AFF00112FC7 /* ViewController.swift */ = {isa = PBXFileReference; lastKnownFileType = sourcecode.swift; path = ViewController.swift; sourceTree = "<group>"; };
		B77B20A91D1B5AFF00112FC7 /* Base */ = {isa = PBXFileReference; lastKnownFileType = file.storyboard; name = Base; path = Base.lproj/Main.storyboard; sourceTree = "<group>"; };
		B77B20AB1D1B5AFF00112FC7 /* Assets.xcassets */ = {isa = PBXFileReference; lastKnownFileType = folder.assetcatalog; path = Assets.xcassets; sourceTree = "<group>"; };
		B77B20AE1D1B5AFF00112FC7 /* Base */ = {isa = PBXFileReference; lastKnownFileType = file.storyboard; name = Base; path = Base.lproj/LaunchScreen.storyboard; sourceTree = "<group>"; };
		B77B20B01D1B5AFF00112FC7 /* Info.plist */ = {isa = PBXFileReference; lastKnownFileType = text.plist.xml; path = Info.plist; sourceTree = "<group>"; };
		B77B20B51D1B5AFF00112FC7 /* ShoeSizeConverterTests.xctest */ = {isa = PBXFileReference; explicitFileType = wrapper.cfbundle; includeInIndex = 0; path = ShoeSizeConverterTests.xctest; sourceTree = BUILT_PRODUCTS_DIR; };
		B77B20B91D1B5AFF00112FC7 /* ShoeSizeConverterTests.swift */ = {isa = PBXFileReference; lastKnownFileType = sourcecode.swift; path = ShoeSizeConverterTests.swift; sourceTree = "<group>"; };
		B77B20BB1D1B5AFF00112FC7 /* Info.plist */ = {isa = PBXFileReference; lastKnownFileType = text.plist.xml; path = Info.plist; sourceTree = "<group>"; };
		B77B20C01D1B5AFF00112FC7 /* ShoeSizeConverterUITests.xctest */ = {isa = PBXFileReference; explicitFileType = wrapper.cfbundle; includeInIndex = 0; path = ShoeSizeConverterUITests.xctest; sourceTree = BUILT_PRODUCTS_DIR; };
		B77B20C41D1B5AFF00112FC7 /* ShoeSizeConverterUITests.swift */ = {isa = PBXFileReference; lastKnownFileType = sourcecode.swift; path = ShoeSizeConverterUITests.swift; sourceTree = "<group>"; };
		B77B20C61D1B5AFF00112FC7 /* Info.plist */ = {isa = PBXFileReference; lastKnownFileType = text.plist.xml; path = Info.plist; sourceTree = "<group>"; };
/* End PBXFileReference section */

/* Begin PBXFrameworksBuildPhase section */
		B77B209E1D1B5AFF00112FC7 /* Frameworks */ = {
			isa = PBXFrameworksBuildPhase;
			buildActionMask = 2147483647;
			files = (
			);
			runOnlyForDeploymentPostprocessing = 0;
		};
		B77B20B21D1B5AFF00112FC7 /* Frameworks */ = {
			isa = PBXFrameworksBuildPhase;
			buildActionMask = 2147483647;
			files = (
			);
			runOnlyForDeploymentPostprocessing = 0;
		};
		B77B20BD1D1B5AFF00112FC7 /* Frameworks */ = {
			isa = PBXFrameworksBuildPhase;
			buildActionMask = 2147483647;
			files = (
			);
			runOnlyForDeploymentPostprocessing = 0;
		};
/* End PBXFrameworksBuildPhase section */

/* Begin PBXGroup section */
		B77B20981D1B5AFF00112FC7 = {
			isa = PBXGroup;
			children = (
				B77B20A31D1B5AFF00112FC7 /* ShoeSizeConverter */,
				B77B20B81D1B5AFF00112FC7 /* ShoeSizeConverterTests */,
				B77B20C31D1B5AFF00112FC7 /* ShoeSizeConverterUITests */,
				B77B20A21D1B5AFF00112FC7 /* Products */,
			);
			sourceTree = "<group>";
		};
		B77B20A21D1B5AFF00112FC7 /* Products */ = {
			isa = PBXGroup;
			children = (
				B77B20A11D1B5AFF00112FC7 /* ShoeSizeConverter.app */,
				B77B20B51D1B5AFF00112FC7 /* ShoeSizeConverterTests.xctest */,
				B77B20C01D1B5AFF00112FC7 /* ShoeSizeConverterUITests.xctest */,
			);
			name = Products;
			sourceTree = "<group>";
		};
		B77B20A31D1B5AFF00112FC7 /* ShoeSizeConverter */ = {
			isa = PBXGroup;
			children = (
				B77B20A41D1B5AFF00112FC7 /* AppDelegate.swift */,
				B77B20A61D1B5AFF00112FC7 /* ViewController.swift */,
				B77B20A81D1B5AFF00112FC7 /* Main.storyboard */,
				B77B20AB1D1B5AFF00112FC7 /* Assets.xcassets */,
				B77B20AD1D1B5AFF00112FC7 /* LaunchScreen.storyboard */,
				B77B20B01D1B5AFF00112FC7 /* Info.plist */,
			);
			path = ShoeSizeConverter;
			sourceTree = "<group>";
		};
		B77B20B81D1B5AFF00112FC7 /* ShoeSizeConverterTests */ = {
			isa = PBXGroup;
			children = (
				B77B20B91D1B5AFF00112FC7 /* ShoeSizeConverterTests.swift */,
				B77B20BB1D1B5AFF00112FC7 /* Info.plist */,
			);
			path = ShoeSizeConverterTests;
			sourceTree = "<group>";
		};
		B77B20C31D1B5AFF00112FC7 /* ShoeSizeConverterUITests */ = {
			isa = PBXGroup;
			children = (
				B77B20C41D1B5AFF00112FC7 /* ShoeSizeConverterUITests.swift */,
				B77B20C61D1B5AFF00112FC7 /* Info.plist */,
			);
			path = ShoeSizeConverterUITests;
			sourceTree = "<group>";
		};
/* End PBXGroup section */

/* Begin PBXNativeTarget section */
		B77B20A01D1B5AFF00112FC7 /* ShoeSizeConverter */ = {
			isa = PBXNativeTarget;
			buildConfigurationList = B77B20C91D1B5AFF00112FC7 /* Build configuration list for PBXNativeTarget "ShoeSizeConverter" */;
			buildPhases = (
				B77B209D1D1B5AFF00112FC7 /* Sources */,
				B77B209E1D1B5AFF00112FC7 /* Frameworks */,
				B77B209F1D1B5AFF00112FC7 /* Resources */,
			);
			buildRules = (
			);
			dependencies = (
			);
			name = ShoeSizeConverter;
			productName = ShoeSizeConverter;
			productReference = B77B20A11D1B5AFF00112FC7 /* ShoeSizeConverter.app */;
			productType = "com.apple.product-type.application";
		};
		B77B20B41D1B5AFF00112FC7 /* ShoeSizeConverterTests */ = {
			isa = PBXNativeTarget;
			buildConfigurationList = B77B20CC1D1B5AFF00112FC7 /* Build configuration list for PBXNativeTarget "ShoeSizeConverterTests" */;
			buildPhases = (
				B77B20B11D1B5AFF00112FC7 /* Sources */,
				B77B20B21D1B5AFF00112FC7 /* Frameworks */,
				B77B20B31D1B5AFF00112FC7 /* Resources */,
			);
			buildRules = (
			);
			dependencies = (
				B77B20B71D1B5AFF00112FC7 /* PBXTargetDependency */,
			);
			name = ShoeSizeConverterTests;
			productName = ShoeSizeConverterTests;
			productReference = B77B20B51D1B5AFF00112FC7 /* ShoeSizeConverterTests.xctest */;
			productType = "com.apple.product-type.bundle.unit-test";
		};
		B77B20BF1D1B5AFF00112FC7 /* ShoeSizeConverterUITests */ = {
			isa = PBXNativeTarget;
			buildConfigurationList = B77B20CF1D1B5AFF00112FC7 /* Build configuration list for PBXNativeTarget "ShoeSizeConverterUITests" */;
			buildPhases = (
				B77B20BC1D1B5AFF00112FC7 /* Sources */,
				B77B20BD1D1B5AFF00112FC7 /* Frameworks */,
				B77B20BE1D1B5AFF00112FC7 /* Resources */,
			);
			buildRules = (
			);
			dependencies = (
				B77B20C21D1B5AFF00112FC7 /* PBXTargetDependency */,
			);
			name = ShoeSizeConverterUITests;
			productName = ShoeSizeConverterUITests;
			productReference = B77B20C01D1B5AFF00112FC7 /* ShoeSizeConverterUITests.xctest */;
			productType = "com.apple.product-type.bundle.ui-testing";
		};
/* End PBXNativeTarget section */

/* Begin PBXProject section */
		B77B20991D1B5AFF00112FC7 /* Project object */ = {
			isa = PBXProject;
			attributes = {
				LastSwiftUpdateCheck = 0730;
				LastUpgradeCheck = 0730;
				ORGANIZATIONNAME = Lynx;
				TargetAttributes = {
					B77B20A01D1B5AFF00112FC7 = {
						CreatedOnToolsVersion = 7.3.1;
						DevelopmentTeam = MK3NCQPCDV;
					};
					B77B20B41D1B5AFF00112FC7 = {
						CreatedOnToolsVersion = 7.3.1;
						DevelopmentTeam = MK3NCQPCDV;
						TestTargetID = B77B20A01D1B5AFF00112FC7;
					};
					B77B20BF1D1B5AFF00112FC7 = {
						CreatedOnToolsVersion = 7.3.1;
						DevelopmentTeam = MK3NCQPCDV;
						TestTargetID = B77B20A01D1B5AFF00112FC7;
					};
				};
			};
			buildConfigurationList = B77B209C1D1B5AFF00112FC7 /* Build configuration list for PBXProject "ShoeSizeConverter" */;
			compatibilityVersion = "Xcode 3.2";
			developmentRegion = English;
			hasScannedForEncodings = 0;
			knownRegions = (
				en,
				Base,
			);
			mainGroup = B77B20981D1B5AFF00112FC7;
			productRefGroup = B77B20A21D1B5AFF00112FC7 /* Products */;
			projectDirPath = "";
			projectRoot = "";
			targets = (
				B77B20A01D1B5AFF00112FC7 /* ShoeSizeConverter */,
				B77B20B41D1B5AFF00112FC7 /* ShoeSizeConverterTests */,
				B77B20BF1D1B5AFF00112FC7 /* ShoeSizeConverterUITests */,
			);
		};
/* End PBXProject section */

/* Begin PBXResourcesBuildPhase section */
		B77B209F1D1B5AFF00112FC7 /* Resources */ = {
			isa = PBXResourcesBuildPhase;
			buildActionMask = 2147483647;
			files = (
				B77B20AF1D1B5AFF00112FC7 /* LaunchScreen.storyboard in Resources */,
				B77B20AC1D1B5AFF00112FC7 /* Assets.xcassets in Resources */,
				B77B20AA1D1B5AFF00112FC7 /* Main.storyboard in Resources */,
			);
			runOnlyForDeploymentPostprocessing = 0;
		};
		B77B20B31D1B5AFF00112FC7 /* Resources */ = {
			isa = PBXResourcesBuildPhase;
			buildActionMask = 2147483647;
			files = (
			);
			runOnlyForDeploymentPostprocessing = 0;
		};
		B77B20BE1D1B5AFF00112FC7 /* Resources */ = {
			isa = PBXResourcesBuildPhase;
			buildActionMask = 2147483647;
			files = (
			);
			runOnlyForDeploymentPostprocessing = 0;
		};
/* End PBXResourcesBuildPhase section */

/* Begin PBXSourcesBuildPhase section */
		B77B209D1D1B5AFF00112FC7 /* Sources */ = {
			isa = PBXSourcesBuildPhase;
			buildActionMask = 2147483647;
			files = (
				B77B20A71D1B5AFF00112FC7 /* ViewController.swift in Sources */,
				B77B20A51D1B5AFF00112FC7 /* AppDelegate.swift in Sources */,
			);
			runOnlyForDeploymentPostprocessing = 0;
		};
		B77B20B11D1B5AFF00112FC7 /* Sources */ = {
			isa = PBXSourcesBuildPhase;
			buildActionMask = 2147483647;
			files = (
				B77B20BA1D1B5AFF00112FC7 /* ShoeSizeConverterTests.swift in Sources */,
			);
			runOnlyForDeploymentPostprocessing = 0;
		};
		B77B20BC1D1B5AFF00112FC7 /* Sources */ = {
			isa = PBXSourcesBuildPhase;
			buildActionMask = 2147483647;
			files = (
				B77B20C51D1B5AFF00112FC7 /* ShoeSizeConverterUITests.swift in Sources */,
			);
			runOnlyForDeploymentPostprocessing = 0;
		};
/* End PBXSourcesBuildPhase section */

/* Begin PBXTargetDependency section */
		B77B20B71D1B5AFF00112FC7 /* PBXTargetDependency */ = {
			isa = PBXTargetDependency;
			target = B77B20A01D1B5AFF00112FC7 /* ShoeSizeConverter */;
			targetProxy = B77B20B61D1B5AFF00112FC7 /* PBXContainerItemProxy */;
		};
		B77B20C21D1B5AFF00112FC7 /* PBXTargetDependency */ = {
			isa = PBXTargetDependency;
			target = B77B20A01D1B5AFF00112FC7 /* ShoeSizeConverter */;
			targetProxy = B77B20C11D1B5AFF00112FC7 /* PBXContainerItemProxy */;
		};
/* End PBXTargetDependency section */

/* Begin PBXVariantGroup section */
		B77B20A81D1B5AFF00112FC7 /* Main.storyboard */ = {
			isa = PBXVariantGroup;
			children = (
				B77B20A91D1B5AFF00112FC7 /* Base */,
			);
			name = Main.storyboard;
			sourceTree = "<group>";
		};
		B77B20AD1D1B5AFF00112FC7 /* LaunchScreen.storyboard */ = {
			isa = PBXVariantGroup;
			children = (
				B77B20AE1D1B5AFF00112FC7 /* Base */,
			);
			name = LaunchScreen.storyboard;
			sourceTree = "<group>";
		};
/* End PBXVariantGroup section */

/* Begin XCBuildConfiguration section */
		B77B20C71D1B5AFF00112FC7 /* Debug */ = {
			isa = XCBuildConfiguration;
			buildSettings = {
				ALWAYS_SEARCH_USER_PATHS = NO;
				CLANG_ANALYZER_NONNULL = YES;
				CLANG_CXX_LANGUAGE_STANDARD = "gnu++0x";
				CLANG_CXX_LIBRARY = "libc++";
				CLANG_ENABLE_MODULES = YES;
				CLANG_ENABLE_OBJC_ARC = YES;
				CLANG_WARN_BOOL_CONVERSION = YES;
				CLANG_WARN_CONSTANT_CONVERSION = YES;
				CLANG_WARN_DIRECT_OBJC_ISA_USAGE = YES_ERROR;
				CLANG_WARN_EMPTY_BODY = YES;
				CLANG_WARN_ENUM_CONVERSION = YES;
				CLANG_WARN_INT_CONVERSION = YES;
				CLANG_WARN_OBJC_ROOT_CLASS = YES_ERROR;
				CLANG_WARN_UNREACHABLE_CODE = YES;
				CLANG_WARN__DUPLICATE_METHOD_MATCH = YES;
				"CODE_SIGN_IDENTITY[sdk=iphoneos*]" = "iPhone Developer";
				COPY_PHASE_STRIP = NO;
				DEBUG_INFORMATION_FORMAT = dwarf;
				ENABLE_STRICT_OBJC_MSGSEND = YES;
				ENABLE_TESTABILITY = YES;
				GCC_C_LANGUAGE_STANDARD = gnu99;
				GCC_DYNAMIC_NO_PIC = NO;
				GCC_NO_COMMON_BLOCKS = YES;
				GCC_OPTIMIZATION_LEVEL = 0;
				GCC_PREPROCESSOR_DEFINITIONS = (
					"DEBUG=1",
					"$(inherited)",
				);
				GCC_WARN_64_TO_32_BIT_CONVERSION = YES;
				GCC_WARN_ABOUT_RETURN_TYPE = YES_ERROR;
				GCC_WARN_UNDECLARED_SELECTOR = YES;
				GCC_WARN_UNINITIALIZED_AUTOS = YES_AGGRESSIVE;
				GCC_WARN_UNUSED_FUNCTION = YES;
				GCC_WARN_UNUSED_VARIABLE = YES;
				IPHONEOS_DEPLOYMENT_TARGET = 9.3;
				MTL_ENABLE_DEBUG_INFO = YES;
				ONLY_ACTIVE_ARCH = YES;
				SDKROOT = iphoneos;
				SWIFT_OPTIMIZATION_LEVEL = "-Onone";
				TARGETED_DEVICE_FAMILY = "1,2";
			};
			name = Debug;
		};
		B77B20C81D1B5AFF00112FC7 /* Release */ = {
			isa = XCBuildConfiguration;
			buildSettings = {
				ALWAYS_SEARCH_USER_PATHS = NO;
				CLANG_ANALYZER_NONNULL = YES;
				CLANG_CXX_LANGUAGE_STANDARD = "gnu++0x";
				CLANG_CXX_LIBRARY = "libc++";
				CLANG_ENABLE_MODULES = YES;
				CLANG_ENABLE_OBJC_ARC = YES;
				CLANG_WARN_BOOL_CONVERSION = YES;
				CLANG_WARN_CONSTANT_CONVERSION = YES;
				CLANG_WARN_DIRECT_OBJC_ISA_USAGE = YES_ERROR;
				CLANG_WARN_EMPTY_BODY = YES;
				CLANG_WARN_ENUM_CONVERSION = YES;
				CLANG_WARN_INT_CONVERSION = YES;
				CLANG_WARN_OBJC_ROOT_CLASS = YES_ERROR;
				CLANG_WARN_UNREACHABLE_CODE = YES;
				CLANG_WARN__DUPLICATE_METHOD_MATCH = YES;
				"CODE_SIGN_IDENTITY[sdk=iphoneos*]" = "iPhone Developer";
				COPY_PHASE_STRIP = NO;
				DEBUG_INFORMATION_FORMAT = "dwarf-with-dsym";
				ENABLE_NS_ASSERTIONS = NO;
				ENABLE_STRICT_OBJC_MSGSEND = YES;
				GCC_C_LANGUAGE_STANDARD = gnu99;
				GCC_NO_COMMON_BLOCKS = YES;
				GCC_WARN_64_TO_32_BIT_CONVERSION = YES;
				GCC_WARN_ABOUT_RETURN_TYPE = YES_ERROR;
				GCC_WARN_UNDECLARED_SELECTOR = YES;
				GCC_WARN_UNINITIALIZED_AUTOS = YES_AGGRESSIVE;
				GCC_WARN_UNUSED_FUNCTION = YES;
				GCC_WARN_UNUSED_VARIABLE = YES;
				IPHONEOS_DEPLOYMENT_TARGET = 9.3;
				MTL_ENABLE_DEBUG_INFO = NO;
				SDKROOT = iphoneos;
				TARGETED_DEVICE_FAMILY = "1,2";
				VALIDATE_PRODUCT = YES;
			};
			name = Release;
		};
		B77B20CA1D1B5AFF00112FC7 /* Debug */ = {
			isa = XCBuildConfiguration;
			buildSettings = {
				ASSETCATALOG_COMPILER_APPICON_NAME = AppIcon;
				INFOPLIST_FILE = ShoeSizeConverter/Info.plist;
				LD_RUNPATH_SEARCH_PATHS = "$(inherited) @executable_path/Frameworks";
				PRODUCT_BUNDLE_IDENTIFIER = com.rhodes.brian.ShoeSizeConverter;
				PRODUCT_NAME = "$(TARGET_NAME)";
			};
			name = Debug;
		};
		B77B20CB1D1B5AFF00112FC7 /* Release */ = {
			isa = XCBuildConfiguration;
			buildSettings = {
				ASSETCATALOG_COMPILER_APPICON_NAME = AppIcon;
				INFOPLIST_FILE = ShoeSizeConverter/Info.plist;
				LD_RUNPATH_SEARCH_PATHS = "$(inherited) @executable_path/Frameworks";
				PRODUCT_BUNDLE_IDENTIFIER = com.rhodes.brian.ShoeSizeConverter;
				PRODUCT_NAME = "$(TARGET_NAME)";
			};
			name = Release;
		};
		B77B20CD1D1B5AFF00112FC7 /* Debug */ = {
			isa = XCBuildConfiguration;
			buildSettings = {
				BUNDLE_LOADER = "$(TEST_HOST)";
				INFOPLIST_FILE = ShoeSizeConverterTests/Info.plist;
				LD_RUNPATH_SEARCH_PATHS = "$(inherited) @executable_path/Frameworks @loader_path/Frameworks";
				PRODUCT_BUNDLE_IDENTIFIER = com.rhodes.brian.ShoeSizeConverterTests;
				PRODUCT_NAME = "$(TARGET_NAME)";
				TEST_HOST = "$(BUILT_PRODUCTS_DIR)/ShoeSizeConverter.app/ShoeSizeConverter";
			};
			name = Debug;
		};
		B77B20CE1D1B5AFF00112FC7 /* Release */ = {
			isa = XCBuildConfiguration;
			buildSettings = {
				BUNDLE_LOADER = "$(TEST_HOST)";
				INFOPLIST_FILE = ShoeSizeConverterTests/Info.plist;
				LD_RUNPATH_SEARCH_PATHS = "$(inherited) @executable_path/Frameworks @loader_path/Frameworks";
				PRODUCT_BUNDLE_IDENTIFIER = com.rhodes.brian.ShoeSizeConverterTests;
				PRODUCT_NAME = "$(TARGET_NAME)";
				TEST_HOST = "$(BUILT_PRODUCTS_DIR)/ShoeSizeConverter.app/ShoeSizeConverter";
			};
			name = Release;
		};
		B77B20D01D1B5AFF00112FC7 /* Debug */ = {
			isa = XCBuildConfiguration;
			buildSettings = {
				INFOPLIST_FILE = ShoeSizeConverterUITests/Info.plist;
				LD_RUNPATH_SEARCH_PATHS = "$(inherited) @executable_path/Frameworks @loader_path/Frameworks";
				PRODUCT_BUNDLE_IDENTIFIER = com.rhodes.brian.ShoeSizeConverterUITests;
				PRODUCT_NAME = "$(TARGET_NAME)";
				TEST_TARGET_NAME = ShoeSizeConverter;
			};
			name = Debug;
		};
		B77B20D11D1B5AFF00112FC7 /* Release */ = {
			isa = XCBuildConfiguration;
			buildSettings = {
				INFOPLIST_FILE = ShoeSizeConverterUITests/Info.plist;
				LD_RUNPATH_SEARCH_PATHS = "$(inherited) @executable_path/Frameworks @loader_path/Frameworks";
				PRODUCT_BUNDLE_IDENTIFIER = com.rhodes.brian.ShoeSizeConverterUITests;
				PRODUCT_NAME = "$(TARGET_NAME)";
				TEST_TARGET_NAME = ShoeSizeConverter;
			};
			name = Release;
		};
/* End XCBuildConfiguration section */

/* Begin XCConfigurationList section */
		B77B209C1D1B5AFF00112FC7 /* Build configuration list for PBXProject "ShoeSizeConverter" */ = {
			isa = XCConfigurationList;
			buildConfigurations = (
				B77B20C71D1B5AFF00112FC7 /* Debug */,
				B77B20C81D1B5AFF00112FC7 /* Release */,
			);
			defaultConfigurationIsVisible = 0;
			defaultConfigurationName = Release;
		};
		B77B20C91D1B5AFF00112FC7 /* Build configuration list for PBXNativeTarget "ShoeSizeConverter" */ = {
			isa = XCConfigurationList;
			buildConfigurations = (
				B77B20CA1D1B5AFF00112FC7 /* Debug */,
				B77B20CB1D1B5AFF00112FC7 /* Release */,
			);
			defaultConfigurationIsVisible = 0;
		};
		B77B20CC1D1B5AFF00112FC7 /* Build configuration list for PBXNativeTarget "ShoeSizeConverterTests" */ = {
			isa = XCConfigurationList;
			buildConfigurations = (
				B77B20CD1D1B5AFF00112FC7 /* Debug */,
				B77B20CE1D1B5AFF00112FC7 /* Release */,
			);
			defaultConfigurationIsVisible = 0;
		};
		B77B20CF1D1B5AFF00112FC7 /* Build configuration list for PBXNativeTarget "ShoeSizeConverterUITests" */ = {
			isa = XCConfigurationList;
			buildConfigurations = (
				B77B20D01D1B5AFF00112FC7 /* Debug */,
				B77B20D11D1B5AFF00112FC7 /* Release */,
			);
			defaultConfigurationIsVisible = 0;
		};
/* End XCConfigurationList section */
	};
	rootObject = B77B20991D1B5AFF00112FC7 /* Project object */;
}
